
Microsoft Visual Studio Solution File, Format Version 12.00
# Visual Studio Version 17
VisualStudioVersion = 17.5.002.0
MinimumVisualStudioVersion = 10.0.40219.1
Project("{9A19103F-16F7-4668-BE54-9A1E7A4F7556}") = "HandlingExceptions", "HandlingExceptions.csproj", "{E967401E-149B-400A-9610-570F85B55A84}"
EndProject
Global
	GlobalSection(SolutionConfigurationPlatforms) = preSolution
		Debug|Any CPU = Debug|Any CPU
		Release|Any CPU = Release|Any CPU
	EndGlobalSection
	GlobalSection(ProjectConfigurationPlatforms) = postSolution
		{E967401E-149B-400A-9610-570F85B55A84}.Debug|Any CPU.ActiveCfg = Debug|Any CPU
		{E967401E-149B-400A-9610-570F85B55A84}.Debug|Any CPU.Build.0 = Debug|Any CPU
		{E967401E-149B-400A-9610-570F85B55A84}.Release|Any CPU.ActiveCfg = Release|Any CPU
		{E967401E-149B-400A-9610-570F85B55A84}.Release|Any CPU.Build.0 = Release|Any CPU
	EndGlobalSection
	GlobalSection(SolutionProperties) = preSolution
		HideSolutionNode = FALSE
	EndGlobalSection
	GlobalSection(ExtensibilityGlobals) = postSolution
		SolutionGuid = {16C38D27-07F7-49E1-8EC9-5D693059B121}
	EndGlobalSection
EndGlobal
