
Microsoft Visual Studio Solution File, Format Version 12.00
# Visual Studio Version 17
VisualStudioVersion = 17.0.31903.59
MinimumVisualStudioVersion = 10.0.40219.1
Project("{FAE04EC0-301F-11D3-BF4B-00C04F79EFBC}") = "WorkingWithNumbers", "WorkingWithNumbers\WorkingWithNumbers.csproj", "{DE00F600-5E50-4A0B-B007-E14836A1FD3B}"
EndProject
Project("{FAE04EC0-301F-11D3-BF4B-00C04F79EFBC}") = "WorkingWithText", "WorkingWithText\WorkingWithText.csproj", "{D8EDD05C-0547-4071-8CFB-8EA5983AA24B}"
EndProject
Global
	GlobalSection(SolutionConfigurationPlatforms) = preSolution
		Debug|Any CPU = Debug|Any CPU
		Release|Any CPU = Release|Any CPU
	EndGlobalSection
	GlobalSection(SolutionProperties) = preSolution
		HideSolutionNode = FALSE
	EndGlobalSection
	GlobalSection(ProjectConfigurationPlatforms) = postSolution
		{DE00F600-5E50-4A0B-B007-E14836A1FD3B}.Debug|Any CPU.ActiveCfg = Debug|Any CPU
		{DE00F600-5E50-4A0B-B007-E14836A1FD3B}.Debug|Any CPU.Build.0 = Debug|Any CPU
		{DE00F600-5E50-4A0B-B007-E14836A1FD3B}.Release|Any CPU.ActiveCfg = Release|Any CPU
		{DE00F600-5E50-4A0B-B007-E14836A1FD3B}.Release|Any CPU.Build.0 = Release|Any CPU
		{D8EDD05C-0547-4071-8CFB-8EA5983AA24B}.Debug|Any CPU.ActiveCfg = Debug|Any CPU
		{D8EDD05C-0547-4071-8CFB-8EA5983AA24B}.Debug|Any CPU.Build.0 = Debug|Any CPU
		{D8EDD05C-0547-4071-8CFB-8EA5983AA24B}.Release|Any CPU.ActiveCfg = Release|Any CPU
		{D8EDD05C-0547-4071-8CFB-8EA5983AA24B}.Release|Any CPU.Build.0 = Release|Any CPU
	EndGlobalSection
EndGlobal
