
Microsoft Visual Studio Solution File, Format Version 12.00
# Visual Studio Version 17
VisualStudioVersion = 17.0.31903.59
MinimumVisualStudioVersion = 10.0.40219.1
Project("{FAE04EC0-301F-11D3-BF4B-00C04F79EFBC}") = "PacktLibraryNetStandard2", "PacktLibraryNetStandard2\PacktLibraryNetStandard2.csproj", "{9AD5FC95-40AB-42A2-A8C4-148A1271FF38}"
EndProject
Project("{FAE04EC0-301F-11D3-BF4B-00C04F79EFBC}") = "PeopleApp", "PeopleApp\PeopleApp.csproj", "{39417152-9F54-4C37-91EC-399B0877B892}"
EndProject
Project("{FAE04EC0-301F-11D3-BF4B-00C04F79EFBC}") = "PacktLibraryModern", "PacktLibraryModern\PacktLibraryModern.csproj", "{94B2E209-D0AF-4006-8177-885C122FBB8D}"
EndProject
Global
	GlobalSection(SolutionConfigurationPlatforms) = preSolution
		Debug|Any CPU = Debug|Any CPU
		Release|Any CPU = Release|Any CPU
	EndGlobalSection
	GlobalSection(SolutionProperties) = preSolution
		HideSolutionNode = FALSE
	EndGlobalSection
	GlobalSection(ProjectConfigurationPlatforms) = postSolution
		{9AD5FC95-40AB-42A2-A8C4-148A1271FF38}.Debug|Any CPU.ActiveCfg = Debug|Any CPU
		{9AD5FC95-40AB-42A2-A8C4-148A1271FF38}.Debug|Any CPU.Build.0 = Debug|Any CPU
		{9AD5FC95-40AB-42A2-A8C4-148A1271FF38}.Release|Any CPU.ActiveCfg = Release|Any CPU
		{9AD5FC95-40AB-42A2-A8C4-148A1271FF38}.Release|Any CPU.Build.0 = Release|Any CPU
		{39417152-9F54-4C37-91EC-399B0877B892}.Debug|Any CPU.ActiveCfg = Debug|Any CPU
		{39417152-9F54-4C37-91EC-399B0877B892}.Debug|Any CPU.Build.0 = Debug|Any CPU
		{39417152-9F54-4C37-91EC-399B0877B892}.Release|Any CPU.ActiveCfg = Release|Any CPU
		{39417152-9F54-4C37-91EC-399B0877B892}.Release|Any CPU.Build.0 = Release|Any CPU
		{94B2E209-D0AF-4006-8177-885C122FBB8D}.Debug|Any CPU.ActiveCfg = Debug|Any CPU
		{94B2E209-D0AF-4006-8177-885C122FBB8D}.Debug|Any CPU.Build.0 = Debug|Any CPU
		{94B2E209-D0AF-4006-8177-885C122FBB8D}.Release|Any CPU.ActiveCfg = Release|Any CPU
		{94B2E209-D0AF-4006-8177-885C122FBB8D}.Release|Any CPU.Build.0 = Release|Any CPU
	EndGlobalSection
EndGlobal
